// !$*UTF8*$!
{
	archiveVersion = 1;
	classes = {
	};
	objectVersion = 56;
	objects = {

/* Begin PBXBuildFile section */
		BA662F222A5339D0003377DD /* Slot_MachineTests.swift in Sources */ = {isa = PBXBuildFile; fileRef = BA662F212A5339D0003377DD /* Slot_MachineTests.swift */; };
		BA662F2C2A5339D0003377DD /* Slot_MachineUITests.swift in Sources */ = {isa = PBXBuildFile; fileRef = BA662F2B2A5339D0003377DD /* Slot_MachineUITests.swift */; };
		BA662F2E2A5339D0003377DD /* Slot_MachineUITestsLaunchTests.swift in Sources */ = {isa = PBXBuildFile; fileRef = BA662F2D2A5339D0003377DD /* Slot_MachineUITestsLaunchTests.swift */; };
		BA7D766D2A54CD68009CE4E0 /* NeonCasino.xcdatamodeld in Sources */ = {isa = PBXBuildFile; fileRef = BA7D766A2A54CD68009CE4E0 /* NeonCasino.xcdatamodeld */; };
		BA7D766E2A54CD68009CE4E0 /* Persistence.swift in Sources */ = {isa = PBXBuildFile; fileRef = BA7D766C2A54CD68009CE4E0 /* Persistence.swift */; };
		BA7D76702A55F1D0009CE4E0 /* GameOverView.swift in Sources */ = {isa = PBXBuildFile; fileRef = BA7D766F2A55F1D0009CE4E0 /* GameOverView.swift */; };
		BAB5B9CA2A54CBD00074DD76 /* bet-chip.mp3 in Resources */ = {isa = PBXBuildFile; fileRef = BAB5B9C22A54CBD00074DD76 /* bet-chip.mp3 */; };
		BAB5B9CB2A54CBD00074DD76 /* rise-up.mp3 in Resources */ = {isa = PBXBuildFile; fileRef = BAB5B9C32A54CBD00074DD76 /* rise-up.mp3 */; };
		BAB5B9CC2A54CBD00074DD76 /* game-over.mp3 in Resources */ = {isa = PBXBuildFile; fileRef = BAB5B9C42A54CBD00074DD76 /* game-over.mp3 */; };
		BAB5B9CD2A54CBD00074DD76 /* high-score.mp3 in Resources */ = {isa = PBXBuildFile; fileRef = BAB5B9C52A54CBD00074DD76 /* high-score.mp3 */; };
		BAB5B9CE2A54CBD00074DD76 /* chime-up.mp3 in Resources */ = {isa = PBXBuildFile; fileRef = BAB5B9C62A54CBD00074DD76 /* chime-up.mp3 */; };
		BAB5B9CF2A54CBD00074DD76 /* win.mp3 in Resources */ = {isa = PBXBuildFile; fileRef = BAB5B9C72A54CBD00074DD76 /* win.mp3 */; };
		BAB5B9D02A54CBD00074DD76 /* spin.mp3 in Resources */ = {isa = PBXBuildFile; fileRef = BAB5B9C82A54CBD00074DD76 /* spin.mp3 */; };
		BAB5B9D12A54CBD00074DD76 /* background-music.mp3 in Resources */ = {isa = PBXBuildFile; fileRef = BAB5B9C92A54CBD00074DD76 /* background-music.mp3 */; };
		BAB5B9D62A54CBF50074DD76 /* LogoView.swift in Sources */ = {isa = PBXBuildFile; fileRef = BAB5B9D22A54CBF50074DD76 /* LogoView.swift */; };
		BAB5B9D72A54CBF50074DD76 /* ReelView.swift in Sources */ = {isa = PBXBuildFile; fileRef = BAB5B9D32A54CBF50074DD76 /* ReelView.swift */; };
		BAB5B9D82A54CBF50074DD76 /* ContentView.swift in Sources */ = {isa = PBXBuildFile; fileRef = BAB5B9D42A54CBF50074DD76 /* ContentView.swift */; };
		BAB5B9D92A54CBF50074DD76 /* InfoView.swift in Sources */ = {isa = PBXBuildFile; fileRef = BAB5B9D52A54CBF50074DD76 /* InfoView.swift */; };
		BAB5B9DD2A54CC090074DD76 /* Extensions.swift in Sources */ = {isa = PBXBuildFile; fileRef = BAB5B9DA2A54CC090074DD76 /* Extensions.swift */; };
		BAB5B9DE2A54CC090074DD76 /* Modifiers.swift in Sources */ = {isa = PBXBuildFile; fileRef = BAB5B9DB2A54CC090074DD76 /* Modifiers.swift */; };
		BAB5B9DF2A54CC090074DD76 /* PlaySound.swift in Sources */ = {isa = PBXBuildFile; fileRef = BAB5B9DC2A54CC090074DD76 /* PlaySound.swift */; };
		BAB5B9E22A54CC160074DD76 /* Slot_MachineApp.swift in Sources */ = {isa = PBXBuildFile; fileRef = BAB5B9E02A54CC160074DD76 /* Slot_MachineApp.swift */; };
		BAB5B9E32A54CC160074DD76 /* Assets.xcassets in Resources */ = {isa = PBXBuildFile; fileRef = BAB5B9E12A54CC160074DD76 /* Assets.xcassets */; };
		BAB5B9E52A54CC330074DD76 /* Preview Assets.xcassets in Resources */ = {isa = PBXBuildFile; fileRef = BAB5B9E42A54CC330074DD76 /* Preview Assets.xcassets */; };
/* End PBXBuildFile section */

/* Begin PBXContainerItemProxy section */
		BA662F1E2A5339D0003377DD /* PBXContainerItemProxy */ = {
			isa = PBXContainerItemProxy;
			containerPortal = BA662F002A5339CE003377DD /* Project object */;
			proxyType = 1;
			remoteGlobalIDString = BA662F072A5339CE003377DD;
			remoteInfo = "Slot Machine";
		};
		BA662F282A5339D0003377DD /* PBXContainerItemProxy */ = {
			isa = PBXContainerItemProxy;
			containerPortal = BA662F002A5339CE003377DD /* Project object */;
			proxyType = 1;
			remoteGlobalIDString = BA662F072A5339CE003377DD;
			remoteInfo = "Slot Machine";
		};
/* End PBXContainerItemProxy section */

/* Begin PBXFileReference section */
		BA662F082A5339CE003377DD /* Neon Casino.app */ = {isa = PBXFileReference; explicitFileType = wrapper.application; includeInIndex = 0; path = "Neon Casino.app"; sourceTree = BUILT_PRODUCTS_DIR; };
		BA662F1D2A5339D0003377DD /* Neon CasinoTests.xctest */ = {isa = PBXFileReference; explicitFileType = wrapper.cfbundle; includeInIndex = 0; path = "Neon CasinoTests.xctest"; sourceTree = BUILT_PRODUCTS_DIR; };
		BA662F212A5339D0003377DD /* Slot_MachineTests.swift */ = {isa = PBXFileReference; lastKnownFileType = sourcecode.swift; path = Slot_MachineTests.swift; sourceTree = "<group>"; };
		BA662F272A5339D0003377DD /* Neon CasinoUITests.xctest */ = {isa = PBXFileReference; explicitFileType = wrapper.cfbundle; includeInIndex = 0; path = "Neon CasinoUITests.xctest"; sourceTree = BUILT_PRODUCTS_DIR; };
		BA662F2B2A5339D0003377DD /* Slot_MachineUITests.swift */ = {isa = PBXFileReference; lastKnownFileType = sourcecode.swift; path = Slot_MachineUITests.swift; sourceTree = "<group>"; };
		BA662F2D2A5339D0003377DD /* Slot_MachineUITestsLaunchTests.swift */ = {isa = PBXFileReference; lastKnownFileType = sourcecode.swift; path = Slot_MachineUITestsLaunchTests.swift; sourceTree = "<group>"; };
		BA7D766B2A54CD68009CE4E0 /* Slot_Machine.xcdatamodel */ = {isa = PBXFileReference; lastKnownFileType = wrapper.xcdatamodel; path = Slot_Machine.xcdatamodel; sourceTree = "<group>"; };
		BA7D766C2A54CD68009CE4E0 /* Persistence.swift */ = {isa = PBXFileReference; fileEncoding = 4; lastKnownFileType = sourcecode.swift; path = Persistence.swift; sourceTree = "<group>"; };
		BA7D766F2A55F1D0009CE4E0 /* GameOverView.swift */ = {isa = PBXFileReference; lastKnownFileType = sourcecode.swift; path = GameOverView.swift; sourceTree = "<group>"; };
		BAB5B9C22A54CBD00074DD76 /* bet-chip.mp3 */ = {isa = PBXFileReference; lastKnownFileType = audio.mp3; name = "bet-chip.mp3"; path = "Neon Casino/Sounds/bet-chip.mp3"; sourceTree = SOURCE_ROOT; };
		BAB5B9C32A54CBD00074DD76 /* rise-up.mp3 */ = {isa = PBXFileReference; lastKnownFileType = audio.mp3; name = "rise-up.mp3"; path = "Neon Casino/Sounds/rise-up.mp3"; sourceTree = SOURCE_ROOT; };
		BAB5B9C42A54CBD00074DD76 /* game-over.mp3 */ = {isa = PBXFileReference; lastKnownFileType = audio.mp3; name = "game-over.mp3"; path = "Neon Casino/Sounds/game-over.mp3"; sourceTree = SOURCE_ROOT; };
		BAB5B9C52A54CBD00074DD76 /* high-score.mp3 */ = {isa = PBXFileReference; lastKnownFileType = audio.mp3; name = "high-score.mp3"; path = "Neon Casino/Sounds/high-score.mp3"; sourceTree = SOURCE_ROOT; };
		BAB5B9C62A54CBD00074DD76 /* chime-up.mp3 */ = {isa = PBXFileReference; lastKnownFileType = audio.mp3; name = "chime-up.mp3"; path = "Neon Casino/Sounds/chime-up.mp3"; sourceTree = SOURCE_ROOT; };
		BAB5B9C72A54CBD00074DD76 /* win.mp3 */ = {isa = PBXFileReference; lastKnownFileType = audio.mp3; name = win.mp3; path = "Neon Casino/Sounds/win.mp3"; sourceTree = SOURCE_ROOT; };
		BAB5B9C82A54CBD00074DD76 /* spin.mp3 */ = {isa = PBXFileReference; lastKnownFileType = audio.mp3; name = spin.mp3; path = "Neon Casino/Sounds/spin.mp3"; sourceTree = SOURCE_ROOT; };
		BAB5B9C92A54CBD00074DD76 /* background-music.mp3 */ = {isa = PBXFileReference; lastKnownFileType = audio.mp3; name = "background-music.mp3"; path = "Neon Casino/Sounds/background-music.mp3"; sourceTree = SOURCE_ROOT; };
		BAB5B9D22A54CBF50074DD76 /* LogoView.swift */ = {isa = PBXFileReference; fileEncoding = 4; lastKnownFileType = sourcecode.swift; name = LogoView.swift; path = "Neon Casino/Views/LogoView.swift"; sourceTree = SOURCE_ROOT; };
		BAB5B9D32A54CBF50074DD76 /* ReelView.swift */ = {isa = PBXFileReference; fileEncoding = 4; lastKnownFileType = sourcecode.swift; name = ReelView.swift; path = "Neon Casino/Views/ReelView.swift"; sourceTree = SOURCE_ROOT; };
		BAB5B9D42A54CBF50074DD76 /* ContentView.swift */ = {isa = PBXFileReference; fileEncoding = 4; lastKnownFileType = sourcecode.swift; name = ContentView.swift; path = "Neon Casino/Views/ContentView.swift"; sourceTree = SOURCE_ROOT; };
		BAB5B9D52A54CBF50074DD76 /* InfoView.swift */ = {isa = PBXFileReference; fileEncoding = 4; lastKnownFileType = sourcecode.swift; name = InfoView.swift; path = "Neon Casino/Views/InfoView.swift"; sourceTree = SOURCE_ROOT; };
		BAB5B9DA2A54CC090074DD76 /* Extensions.swift */ = {isa = PBXFileReference; fileEncoding = 4; lastKnownFileType = sourcecode.swift; name = Extensions.swift; path = "Neon Casino/Helpers/Extensions.swift"; sourceTree = SOURCE_ROOT; };
		BAB5B9DB2A54CC090074DD76 /* Modifiers.swift */ = {isa = PBXFileReference; fileEncoding = 4; lastKnownFileType = sourcecode.swift; name = Modifiers.swift; path = "Neon Casino/Helpers/Modifiers.swift"; sourceTree = SOURCE_ROOT; };
		BAB5B9DC2A54CC090074DD76 /* PlaySound.swift */ = {isa = PBXFileReference; fileEncoding = 4; lastKnownFileType = sourcecode.swift; name = PlaySound.swift; path = "Neon Casino/Helpers/PlaySound.swift"; sourceTree = SOURCE_ROOT; };
		BAB5B9E02A54CC160074DD76 /* Slot_MachineApp.swift */ = {isa = PBXFileReference; fileEncoding = 4; lastKnownFileType = sourcecode.swift; name = Slot_MachineApp.swift; path = "Neon Casino/Support Files/Slot_MachineApp.swift"; sourceTree = SOURCE_ROOT; };
		BAB5B9E12A54CC160074DD76 /* Assets.xcassets */ = {isa = PBXFileReference; lastKnownFileType = folder.assetcatalog; name = Assets.xcassets; path = "Neon Casino/Support Files/Assets.xcassets"; sourceTree = SOURCE_ROOT; };
		BAB5B9E42A54CC330074DD76 /* Preview Assets.xcassets */ = {isa = PBXFileReference; lastKnownFileType = folder.assetcatalog; name = "Preview Assets.xcassets"; path = "Neon Casino/Preview Content/Preview Assets.xcassets"; sourceTree = SOURCE_ROOT; };
/* End PBXFileReference section */

/* Begin PBXFrameworksBuildPhase section */
		BA662F052A5339CE003377DD /* Frameworks */ = {
			isa = PBXFrameworksBuildPhase;
			buildActionMask = 2147483647;
			files = (
			);
			runOnlyForDeploymentPostprocessing = 0;
		};
		BA662F1A2A5339D0003377DD /* Frameworks */ = {
			isa = PBXFrameworksBuildPhase;
			buildActionMask = 2147483647;
			files = (
			);
			runOnlyForDeploymentPostprocessing = 0;
		};
		BA662F242A5339D0003377DD /* Frameworks */ = {
			isa = PBXFrameworksBuildPhase;
			buildActionMask = 2147483647;
			files = (
			);
			runOnlyForDeploymentPostprocessing = 0;
		};
/* End PBXFrameworksBuildPhase section */

/* Begin PBXGroup section */
		BA662EFF2A5339CE003377DD = {
			isa = PBXGroup;
			children = (
				BA662F0A2A5339CE003377DD /* Neon Casino */,
				BA662F202A5339D0003377DD /* NeonCasinoTests */,
				BA662F2A2A5339D0003377DD /* NeonCasinoUITests */,
				BA662F092A5339CE003377DD /* Products */,
			);
			sourceTree = "<group>";
		};
		BA662F092A5339CE003377DD /* Products */ = {
			isa = PBXGroup;
			children = (
				BA662F082A5339CE003377DD /* Neon Casino.app */,
				BA662F1D2A5339D0003377DD /* Neon CasinoTests.xctest */,
				BA662F272A5339D0003377DD /* Neon CasinoUITests.xctest */,
			);
			name = Products;
			sourceTree = "<group>";
		};
		BA662F0A2A5339CE003377DD /* Neon Casino */ = {
			isa = PBXGroup;
			children = (
				BA662F3A2A534214003377DD /* Views */,
				BA662F3B2A53421C003377DD /* Helpers */,
				BA662F5F2A5347A7003377DD /* Data */,
				BA662F3C2A534228003377DD /* Sounds */,
				BA662F3D2A53422F003377DD /* Support Files */,
				BA662F112A5339D0003377DD /* Preview Content */,
			);
			path = "Neon Casino";
			sourceTree = "<group>";
		};
		BA662F112A5339D0003377DD /* Preview Content */ = {
			isa = PBXGroup;
			children = (
				BAB5B9E42A54CC330074DD76 /* Preview Assets.xcassets */,
			);
			path = "Preview Content";
			sourceTree = "<group>";
		};
		BA662F202A5339D0003377DD /* NeonCasinoTests */ = {
			isa = PBXGroup;
			children = (
				BA662F212A5339D0003377DD /* Slot_MachineTests.swift */,
			);
			path = NeonCasinoTests;
			sourceTree = "<group>";
		};
		BA662F2A2A5339D0003377DD /* NeonCasinoUITests */ = {
			isa = PBXGroup;
			children = (
				BA662F2B2A5339D0003377DD /* Slot_MachineUITests.swift */,
				BA662F2D2A5339D0003377DD /* Slot_MachineUITestsLaunchTests.swift */,
			);
			path = NeonCasinoUITests;
			sourceTree = "<group>";
		};
		BA662F3A2A534214003377DD /* Views */ = {
			isa = PBXGroup;
			children = (
				BAB5B9D42A54CBF50074DD76 /* ContentView.swift */,
				BAB5B9D32A54CBF50074DD76 /* ReelView.swift */,
				BAB5B9D22A54CBF50074DD76 /* LogoView.swift */,
				BAB5B9D52A54CBF50074DD76 /* InfoView.swift */,
				BA7D766F2A55F1D0009CE4E0 /* GameOverView.swift */,
			);
			path = Views;
			sourceTree = "<group>";
		};
		BA662F3B2A53421C003377DD /* Helpers */ = {
			isa = PBXGroup;
			children = (
				BAB5B9DB2A54CC090074DD76 /* Modifiers.swift */,
				BAB5B9DC2A54CC090074DD76 /* PlaySound.swift */,
				BAB5B9DA2A54CC090074DD76 /* Extensions.swift */,
			);
			path = Helpers;
			sourceTree = "<group>";
		};
		BA662F3C2A534228003377DD /* Sounds */ = {
			isa = PBXGroup;
			children = (
				BAB5B9C92A54CBD00074DD76 /* background-music.mp3 */,
				BAB5B9C22A54CBD00074DD76 /* bet-chip.mp3 */,
				BAB5B9C62A54CBD00074DD76 /* chime-up.mp3 */,
				BAB5B9C42A54CBD00074DD76 /* game-over.mp3 */,
				BAB5B9C52A54CBD00074DD76 /* high-score.mp3 */,
				BAB5B9C32A54CBD00074DD76 /* rise-up.mp3 */,
				BAB5B9C82A54CBD00074DD76 /* spin.mp3 */,
				BAB5B9C72A54CBD00074DD76 /* win.mp3 */,
			);
			path = Sounds;
			sourceTree = "<group>";
		};
		BA662F3D2A53422F003377DD /* Support Files */ = {
			isa = PBXGroup;
			children = (
				BAB5B9E12A54CC160074DD76 /* Assets.xcassets */,
				BAB5B9E02A54CC160074DD76 /* Slot_MachineApp.swift */,
			);
			path = "Support Files";
			sourceTree = "<group>";
		};
		BA662F5F2A5347A7003377DD /* Data */ = {
			isa = PBXGroup;
			children = (
				BA7D766C2A54CD68009CE4E0 /* Persistence.swift */,
				BA7D766A2A54CD68009CE4E0 /* NeonCasino.xcdatamodeld */,
			);
			path = Data;
			sourceTree = "<group>";
		};
/* End PBXGroup section */

/* Begin PBXNativeTarget section */
		BA662F072A5339CE003377DD /* Neon Casino */ = {
			isa = PBXNativeTarget;
			buildConfigurationList = BA662F312A5339D0003377DD /* Build configuration list for PBXNativeTarget "Neon Casino" */;
			buildPhases = (
				BA662F042A5339CE003377DD /* Sources */,
				BA662F052A5339CE003377DD /* Frameworks */,
				BA662F062A5339CE003377DD /* Resources */,
			);
			buildRules = (
			);
			dependencies = (
			);
			name = "Neon Casino";
			productName = "Slot Machine";
			productReference = BA662F082A5339CE003377DD /* Neon Casino.app */;
			productType = "com.apple.product-type.application";
		};
		BA662F1C2A5339D0003377DD /* Neon CasinoTests */ = {
			isa = PBXNativeTarget;
			buildConfigurationList = BA662F342A5339D0003377DD /* Build configuration list for PBXNativeTarget "Neon CasinoTests" */;
			buildPhases = (
				BA662F192A5339D0003377DD /* Sources */,
				BA662F1A2A5339D0003377DD /* Frameworks */,
				BA662F1B2A5339D0003377DD /* Resources */,
			);
			buildRules = (
			);
			dependencies = (
				BA662F1F2A5339D0003377DD /* PBXTargetDependency */,
			);
			name = "Neon CasinoTests";
			productName = "Slot MachineTests";
			productReference = BA662F1D2A5339D0003377DD /* Neon CasinoTests.xctest */;
			productType = "com.apple.product-type.bundle.unit-test";
		};
		BA662F262A5339D0003377DD /* Neon CasinoUITests */ = {
			isa = PBXNativeTarget;
			buildConfigurationList = BA662F372A5339D0003377DD /* Build configuration list for PBXNativeTarget "Neon CasinoUITests" */;
			buildPhases = (
				BA662F232A5339D0003377DD /* Sources */,
				BA662F242A5339D0003377DD /* Frameworks */,
				BA662F252A5339D0003377DD /* Resources */,
			);
			buildRules = (
			);
			dependencies = (
				BA662F292A5339D0003377DD /* PBXTargetDependency */,
			);
			name = "Neon CasinoUITests";
			productName = "Slot MachineUITests";
			productReference = BA662F272A5339D0003377DD /* Neon CasinoUITests.xctest */;
			productType = "com.apple.product-type.bundle.ui-testing";
		};
/* End PBXNativeTarget section */

/* Begin PBXProject section */
		BA662F002A5339CE003377DD /* Project object */ = {
			isa = PBXProject;
			attributes = {
				BuildIndependentTargetsInParallel = 1;
				LastSwiftUpdateCheck = 1430;
				LastUpgradeCheck = 1430;
				TargetAttributes = {
					BA662F072A5339CE003377DD = {
						CreatedOnToolsVersion = 14.3.1;
					};
					BA662F1C2A5339D0003377DD = {
						CreatedOnToolsVersion = 14.3.1;
						TestTargetID = BA662F072A5339CE003377DD;
					};
					BA662F262A5339D0003377DD = {
						CreatedOnToolsVersion = 14.3.1;
						TestTargetID = BA662F072A5339CE003377DD;
					};
				};
			};
			buildConfigurationList = BA662F032A5339CE003377DD /* Build configuration list for PBXProject "Neon Casino" */;
			compatibilityVersion = "Xcode 14.0";
			developmentRegion = en;
			hasScannedForEncodings = 0;
			knownRegions = (
				en,
				Base,
			);
			mainGroup = BA662EFF2A5339CE003377DD;
			productRefGroup = BA662F092A5339CE003377DD /* Products */;
			projectDirPath = "";
			projectRoot = "";
			targets = (
				BA662F072A5339CE003377DD /* Neon Casino */,
				BA662F1C2A5339D0003377DD /* Neon CasinoTests */,
				BA662F262A5339D0003377DD /* Neon CasinoUITests */,
			);
		};
/* End PBXProject section */

/* Begin PBXResourcesBuildPhase section */
		BA662F062A5339CE003377DD /* Resources */ = {
			isa = PBXResourcesBuildPhase;
			buildActionMask = 2147483647;
			files = (
				BAB5B9E52A54CC330074DD76 /* Preview Assets.xcassets in Resources */,
				BAB5B9E32A54CC160074DD76 /* Assets.xcassets in Resources */,
				BAB5B9CC2A54CBD00074DD76 /* game-over.mp3 in Resources */,
				BAB5B9CF2A54CBD00074DD76 /* win.mp3 in Resources */,
				BAB5B9D02A54CBD00074DD76 /* spin.mp3 in Resources */,
				BAB5B9CE2A54CBD00074DD76 /* chime-up.mp3 in Resources */,
				BAB5B9D12A54CBD00074DD76 /* background-music.mp3 in Resources */,
				BAB5B9CD2A54CBD00074DD76 /* high-score.mp3 in Resources */,
				BAB5B9CB2A54CBD00074DD76 /* rise-up.mp3 in Resources */,
				BAB5B9CA2A54CBD00074DD76 /* bet-chip.mp3 in Resources */,
			);
			runOnlyForDeploymentPostprocessing = 0;
		};
		BA662F1B2A5339D0003377DD /* Resources */ = {
			isa = PBXResourcesBuildPhase;
			buildActionMask = 2147483647;
			files = (
			);
			runOnlyForDeploymentPostprocessing = 0;
		};
		BA662F252A5339D0003377DD /* Resources */ = {
			isa = PBXResourcesBuildPhase;
			buildActionMask = 2147483647;
			files = (
			);
			runOnlyForDeploymentPostprocessing = 0;
		};
/* End PBXResourcesBuildPhase section */

/* Begin PBXSourcesBuildPhase section */
		BA662F042A5339CE003377DD /* Sources */ = {
			isa = PBXSourcesBuildPhase;
			buildActionMask = 2147483647;
			files = (
				BAB5B9DD2A54CC090074DD76 /* Extensions.swift in Sources */,
				BA7D76702A55F1D0009CE4E0 /* GameOverView.swift in Sources */,
				BA7D766D2A54CD68009CE4E0 /* NeonCasino.xcdatamodeld in Sources */,
				BAB5B9D82A54CBF50074DD76 /* ContentView.swift in Sources */,
				BAB5B9E22A54CC160074DD76 /* Slot_MachineApp.swift in Sources */,
				BAB5B9D62A54CBF50074DD76 /* LogoView.swift in Sources */,
				BAB5B9DF2A54CC090074DD76 /* PlaySound.swift in Sources */,
				BAB5B9DE2A54CC090074DD76 /* Modifiers.swift in Sources */,
				BAB5B9D72A54CBF50074DD76 /* ReelView.swift in Sources */,
				BAB5B9D92A54CBF50074DD76 /* InfoView.swift in Sources */,
				BA7D766E2A54CD68009CE4E0 /* Persistence.swift in Sources */,
			);
			runOnlyForDeploymentPostprocessing = 0;
		};
		BA662F192A5339D0003377DD /* Sources */ = {
			isa = PBXSourcesBuildPhase;
			buildActionMask = 2147483647;
			files = (
				BA662F222A5339D0003377DD /* Slot_MachineTests.swift in Sources */,
			);
			runOnlyForDeploymentPostprocessing = 0;
		};
		BA662F232A5339D0003377DD /* Sources */ = {
			isa = PBXSourcesBuildPhase;
			buildActionMask = 2147483647;
			files = (
				BA662F2E2A5339D0003377DD /* Slot_MachineUITestsLaunchTests.swift in Sources */,
				BA662F2C2A5339D0003377DD /* Slot_MachineUITests.swift in Sources */,
			);
			runOnlyForDeploymentPostprocessing = 0;
		};
/* End PBXSourcesBuildPhase section */

/* Begin PBXTargetDependency section */
		BA662F1F2A5339D0003377DD /* PBXTargetDependency */ = {
			isa = PBXTargetDependency;
			target = BA662F072A5339CE003377DD /* Neon Casino */;
			targetProxy = BA662F1E2A5339D0003377DD /* PBXContainerItemProxy */;
		};
		BA662F292A5339D0003377DD /* PBXTargetDependency */ = {
			isa = PBXTargetDependency;
			target = BA662F072A5339CE003377DD /* Neon Casino */;
			targetProxy = BA662F282A5339D0003377DD /* PBXContainerItemProxy */;
		};
/* End PBXTargetDependency section */

/* Begin XCBuildConfiguration section */
		BA662F2F2A5339D0003377DD /* Debug */ = {
			isa = XCBuildConfiguration;
			buildSettings = {
				ALWAYS_SEARCH_USER_PATHS = NO;
				CLANG_ANALYZER_NONNULL = YES;
				CLANG_ANALYZER_NUMBER_OBJECT_CONVERSION = YES_AGGRESSIVE;
				CLANG_CXX_LANGUAGE_STANDARD = "gnu++20";
				CLANG_ENABLE_MODULES = YES;
				CLANG_ENABLE_OBJC_ARC = YES;
				CLANG_ENABLE_OBJC_WEAK = YES;
				CLANG_WARN_BLOCK_CAPTURE_AUTORELEASING = YES;
				CLANG_WARN_BOOL_CONVERSION = YES;
				CLANG_WARN_COMMA = YES;
				CLANG_WARN_CONSTANT_CONVERSION = YES;
				CLANG_WARN_DEPRECATED_OBJC_IMPLEMENTATIONS = YES;
				CLANG_WARN_DIRECT_OBJC_ISA_USAGE = YES_ERROR;
				CLANG_WARN_DOCUMENTATION_COMMENTS = YES;
				CLANG_WARN_EMPTY_BODY = YES;
				CLANG_WARN_ENUM_CONVERSION = YES;
				CLANG_WARN_INFINITE_RECURSION = YES;
				CLANG_WARN_INT_CONVERSION = YES;
				CLANG_WARN_NON_LITERAL_NULL_CONVERSION = YES;
				CLANG_WARN_OBJC_IMPLICIT_RETAIN_SELF = YES;
				CLANG_WARN_OBJC_LITERAL_CONVERSION = YES;
				CLANG_WARN_OBJC_ROOT_CLASS = YES_ERROR;
				CLANG_WARN_QUOTED_INCLUDE_IN_FRAMEWORK_HEADER = YES;
				CLANG_WARN_RANGE_LOOP_ANALYSIS = YES;
				CLANG_WARN_STRICT_PROTOTYPES = YES;
				CLANG_WARN_SUSPICIOUS_MOVE = YES;
				CLANG_WARN_UNGUARDED_AVAILABILITY = YES_AGGRESSIVE;
				CLANG_WARN_UNREACHABLE_CODE = YES;
				CLANG_WARN__DUPLICATE_METHOD_MATCH = YES;
				COPY_PHASE_STRIP = NO;
				DEBUG_INFORMATION_FORMAT = dwarf;
				ENABLE_STRICT_OBJC_MSGSEND = YES;
				ENABLE_TESTABILITY = YES;
				GCC_C_LANGUAGE_STANDARD = gnu11;
				GCC_DYNAMIC_NO_PIC = NO;
				GCC_NO_COMMON_BLOCKS = YES;
				GCC_OPTIMIZATION_LEVEL = 0;
				GCC_PREPROCESSOR_DEFINITIONS = (
					"DEBUG=1",
					"$(inherited)",
				);
				GCC_WARN_64_TO_32_BIT_CONVERSION = YES;
				GCC_WARN_ABOUT_RETURN_TYPE = YES_ERROR;
				GCC_WARN_UNDECLARED_SELECTOR = YES;
				GCC_WARN_UNINITIALIZED_AUTOS = YES_AGGRESSIVE;
				GCC_WARN_UNUSED_FUNCTION = YES;
				GCC_WARN_UNUSED_VARIABLE = YES;
				IPHONEOS_DEPLOYMENT_TARGET = 16.4;
				MTL_ENABLE_DEBUG_INFO = INCLUDE_SOURCE;
				MTL_FAST_MATH = YES;
				ONLY_ACTIVE_ARCH = YES;
				SDKROOT = iphoneos;
				SWIFT_ACTIVE_COMPILATION_CONDITIONS = DEBUG;
				SWIFT_OPTIMIZATION_LEVEL = "-Onone";
			};
			name = Debug;
		};
		BA662F302A5339D0003377DD /* Release */ = {
			isa = XCBuildConfiguration;
			buildSettings = {
				ALWAYS_SEARCH_USER_PATHS = NO;
				CLANG_ANALYZER_NONNULL = YES;
				CLANG_ANALYZER_NUMBER_OBJECT_CONVERSION = YES_AGGRESSIVE;
				CLANG_CXX_LANGUAGE_STANDARD = "gnu++20";
				CLANG_ENABLE_MODULES = YES;
				CLANG_ENABLE_OBJC_ARC = YES;
				CLANG_ENABLE_OBJC_WEAK = YES;
				CLANG_WARN_BLOCK_CAPTURE_AUTORELEASING = YES;
				CLANG_WARN_BOOL_CONVERSION = YES;
				CLANG_WARN_COMMA = YES;
				CLANG_WARN_CONSTANT_CONVERSION = YES;
				CLANG_WARN_DEPRECATED_OBJC_IMPLEMENTATIONS = YES;
				CLANG_WARN_DIRECT_OBJC_ISA_USAGE = YES_ERROR;
				CLANG_WARN_DOCUMENTATION_COMMENTS = YES;
				CLANG_WARN_EMPTY_BODY = YES;
				CLANG_WARN_ENUM_CONVERSION = YES;
				CLANG_WARN_INFINITE_RECURSION = YES;
				CLANG_WARN_INT_CONVERSION = YES;
				CLANG_WARN_NON_LITERAL_NULL_CONVERSION = YES;
				CLANG_WARN_OBJC_IMPLICIT_RETAIN_SELF = YES;
				CLANG_WARN_OBJC_LITERAL_CONVERSION = YES;
				CLANG_WARN_OBJC_ROOT_CLASS = YES_ERROR;
				CLANG_WARN_QUOTED_INCLUDE_IN_FRAMEWORK_HEADER = YES;
				CLANG_WARN_RANGE_LOOP_ANALYSIS = YES;
				CLANG_WARN_STRICT_PROTOTYPES = YES;
				CLANG_WARN_SUSPICIOUS_MOVE = YES;
				CLANG_WARN_UNGUARDED_AVAILABILITY = YES_AGGRESSIVE;
				CLANG_WARN_UNREACHABLE_CODE = YES;
				CLANG_WARN__DUPLICATE_METHOD_MATCH = YES;
				COPY_PHASE_STRIP = NO;
				DEBUG_INFORMATION_FORMAT = "dwarf-with-dsym";
				ENABLE_NS_ASSERTIONS = NO;
				ENABLE_STRICT_OBJC_MSGSEND = YES;
				GCC_C_LANGUAGE_STANDARD = gnu11;
				GCC_NO_COMMON_BLOCKS = YES;
				GCC_WARN_64_TO_32_BIT_CONVERSION = YES;
				GCC_WARN_ABOUT_RETURN_TYPE = YES_ERROR;
				GCC_WARN_UNDECLARED_SELECTOR = YES;
				GCC_WARN_UNINITIALIZED_AUTOS = YES_AGGRESSIVE;
				GCC_WARN_UNUSED_FUNCTION = YES;
				GCC_WARN_UNUSED_VARIABLE = YES;
				IPHONEOS_DEPLOYMENT_TARGET = 16.4;
				MTL_ENABLE_DEBUG_INFO = NO;
				MTL_FAST_MATH = YES;
				SDKROOT = iphoneos;
				SWIFT_COMPILATION_MODE = wholemodule;
				SWIFT_OPTIMIZATION_LEVEL = "-O";
				VALIDATE_PRODUCT = YES;
			};
			name = Release;
		};
		BA662F322A5339D0003377DD /* Debug */ = {
			isa = XCBuildConfiguration;
			buildSettings = {
				ASSETCATALOG_COMPILER_APPICON_NAME = AppIcon;
				ASSETCATALOG_COMPILER_GLOBAL_ACCENT_COLOR_NAME = AccentColor;
				CODE_SIGN_STYLE = Automatic;
				CURRENT_PROJECT_VERSION = 1;
				DEVELOPMENT_ASSET_PATHS = "\"Neon Casino/Preview Content\"";
				DEVELOPMENT_TEAM = WC92Z884R6;
				ENABLE_PREVIEWS = YES;
				GENERATE_INFOPLIST_FILE = YES;
				INFOPLIST_KEY_CFBundleDisplayName = "Neon Casino";
				INFOPLIST_KEY_LSApplicationCategoryType = "public.app-category.casino-games";
				INFOPLIST_KEY_UIApplicationSceneManifest_Generation = YES;
				INFOPLIST_KEY_UIApplicationSupportsIndirectInputEvents = YES;
				INFOPLIST_KEY_UILaunchScreen_Generation = YES;
				INFOPLIST_KEY_UISupportedInterfaceOrientations = UIInterfaceOrientationPortrait;
				INFOPLIST_KEY_UISupportedInterfaceOrientations_iPad = "UIInterfaceOrientationLandscapeLeft UIInterfaceOrientationLandscapeRight UIInterfaceOrientationPortrait UIInterfaceOrientationPortraitUpsideDown";
				LD_RUNPATH_SEARCH_PATHS = (
					"$(inherited)",
					"@executable_path/Frameworks",
				);
				MARKETING_VERSION = 1.0;
				PRODUCT_BUNDLE_IDENTIFIER = "com.kreid.Neon-Casino";
				PRODUCT_NAME = "$(TARGET_NAME)";
				SWIFT_EMIT_LOC_STRINGS = YES;
				SWIFT_VERSION = 5.0;
				TARGETED_DEVICE_FAMILY = "1,2";
			};
			name = Debug;
		};
		BA662F332A5339D0003377DD /* Release */ = {
			isa = XCBuildConfiguration;
			buildSettings = {
				ASSETCATALOG_COMPILER_APPICON_NAME = AppIcon;
				ASSETCATALOG_COMPILER_GLOBAL_ACCENT_COLOR_NAME = AccentColor;
				CODE_SIGN_STYLE = Automatic;
				CURRENT_PROJECT_VERSION = 1;
				DEVELOPMENT_ASSET_PATHS = "\"Neon Casino/Preview Content\"";
				DEVELOPMENT_TEAM = WC92Z884R6;
				ENABLE_PREVIEWS = YES;
				GENERATE_INFOPLIST_FILE = YES;
				INFOPLIST_KEY_CFBundleDisplayName = "Neon Casino";
				INFOPLIST_KEY_LSApplicationCategoryType = "public.app-category.casino-games";
				INFOPLIST_KEY_UIApplicationSceneManifest_Generation = YES;
				INFOPLIST_KEY_UIApplicationSupportsIndirectInputEvents = YES;
				INFOPLIST_KEY_UILaunchScreen_Generation = YES;
				INFOPLIST_KEY_UISupportedInterfaceOrientations = UIInterfaceOrientationPortrait;
				INFOPLIST_KEY_UISupportedInterfaceOrientations_iPad = "UIInterfaceOrientationLandscapeLeft UIInterfaceOrientationLandscapeRight UIInterfaceOrientationPortrait UIInterfaceOrientationPortraitUpsideDown";
				LD_RUNPATH_SEARCH_PATHS = (
					"$(inherited)",
					"@executable_path/Frameworks",
				);
				MARKETING_VERSION = 1.0;
				PRODUCT_BUNDLE_IDENTIFIER = "com.kreid.Neon-Casino";
				PRODUCT_NAME = "$(TARGET_NAME)";
				SWIFT_EMIT_LOC_STRINGS = YES;
				SWIFT_VERSION = 5.0;
				TARGETED_DEVICE_FAMILY = "1,2";
			};
			name = Release;
		};
		BA662F352A5339D0003377DD /* Debug */ = {
			isa = XCBuildConfiguration;
			buildSettings = {
				ALWAYS_EMBED_SWIFT_STANDARD_LIBRARIES = YES;
				BUNDLE_LOADER = "$(TEST_HOST)";
				CODE_SIGN_STYLE = Automatic;
				CURRENT_PROJECT_VERSION = 1;
				DEVELOPMENT_TEAM = WC92Z884R6;
				GENERATE_INFOPLIST_FILE = YES;
				IPHONEOS_DEPLOYMENT_TARGET = 16.4;
				MARKETING_VERSION = 1.0;
				PRODUCT_BUNDLE_IDENTIFIER = "com.kreid.Slot-MachineTests";
				PRODUCT_NAME = "$(TARGET_NAME)";
				SWIFT_EMIT_LOC_STRINGS = NO;
				SWIFT_VERSION = 5.0;
				TARGETED_DEVICE_FAMILY = "1,2";
				TEST_HOST = "$(BUILT_PRODUCTS_DIR)/Neon Casino.app/$(BUNDLE_EXECUTABLE_FOLDER_PATH)/Neon Casino";
			};
			name = Debug;
		};
		BA662F362A5339D0003377DD /* Release */ = {
			isa = XCBuildConfiguration;
			buildSettings = {
				ALWAYS_EMBED_SWIFT_STANDARD_LIBRARIES = YES;
				BUNDLE_LOADER = "$(TEST_HOST)";
				CODE_SIGN_STYLE = Automatic;
				CURRENT_PROJECT_VERSION = 1;
				DEVELOPMENT_TEAM = WC92Z884R6;
				GENERATE_INFOPLIST_FILE = YES;
				IPHONEOS_DEPLOYMENT_TARGET = 16.4;
				MARKETING_VERSION = 1.0;
				PRODUCT_BUNDLE_IDENTIFIER = "com.kreid.Slot-MachineTests";
				PRODUCT_NAME = "$(TARGET_NAME)";
				SWIFT_EMIT_LOC_STRINGS = NO;
				SWIFT_VERSION = 5.0;
				TARGETED_DEVICE_FAMILY = "1,2";
				TEST_HOST = "$(BUILT_PRODUCTS_DIR)/Neon Casino.app/$(BUNDLE_EXECUTABLE_FOLDER_PATH)/Neon Casino";
			};
			name = Release;
		};
		BA662F382A5339D0003377DD /* Debug */ = {
			isa = XCBuildConfiguration;
			buildSettings = {
				ALWAYS_EMBED_SWIFT_STANDARD_LIBRARIES = YES;
				CODE_SIGN_STYLE = Automatic;
				CURRENT_PROJECT_VERSION = 1;
				DEVELOPMENT_TEAM = WC92Z884R6;
				GENERATE_INFOPLIST_FILE = YES;
				MARKETING_VERSION = 1.0;
				PRODUCT_BUNDLE_IDENTIFIER = "com.kreid.Slot-MachineUITests";
				PRODUCT_NAME = "$(TARGET_NAME)";
				SWIFT_EMIT_LOC_STRINGS = NO;
				SWIFT_VERSION = 5.0;
				TARGETED_DEVICE_FAMILY = "1,2";
				TEST_TARGET_NAME = "Slot Machine";
			};
			name = Debug;
		};
		BA662F392A5339D0003377DD /* Release */ = {
			isa = XCBuildConfiguration;
			buildSettings = {
				ALWAYS_EMBED_SWIFT_STANDARD_LIBRARIES = YES;
				CODE_SIGN_STYLE = Automatic;
				CURRENT_PROJECT_VERSION = 1;
				DEVELOPMENT_TEAM = WC92Z884R6;
				GENERATE_INFOPLIST_FILE = YES;
				MARKETING_VERSION = 1.0;
				PRODUCT_BUNDLE_IDENTIFIER = "com.kreid.Slot-MachineUITests";
				PRODUCT_NAME = "$(TARGET_NAME)";
				SWIFT_EMIT_LOC_STRINGS = NO;
				SWIFT_VERSION = 5.0;
				TARGETED_DEVICE_FAMILY = "1,2";
				TEST_TARGET_NAME = "Slot Machine";
			};
			name = Release;
		};
/* End XCBuildConfiguration section */

/* Begin XCConfigurationList section */
		BA662F032A5339CE003377DD /* Build configuration list for PBXProject "Neon Casino" */ = {
			isa = XCConfigurationList;
			buildConfigurations = (
				BA662F2F2A5339D0003377DD /* Debug */,
				BA662F302A5339D0003377DD /* Release */,
			);
			defaultConfigurationIsVisible = 0;
			defaultConfigurationName = Release;
		};
		BA662F312A5339D0003377DD /* Build configuration list for PBXNativeTarget "Neon Casino" */ = {
			isa = XCConfigurationList;
			buildConfigurations = (
				BA662F322A5339D0003377DD /* Debug */,
				BA662F332A5339D0003377DD /* Release */,
			);
			defaultConfigurationIsVisible = 0;
			defaultConfigurationName = Release;
		};
		BA662F342A5339D0003377DD /* Build configuration list for PBXNativeTarget "Neon CasinoTests" */ = {
			isa = XCConfigurationList;
			buildConfigurations = (
				BA662F352A5339D0003377DD /* Debug */,
				BA662F362A5339D0003377DD /* Release */,
			);
			defaultConfigurationIsVisible = 0;
			defaultConfigurationName = Release;
		};
		BA662F372A5339D0003377DD /* Build configuration list for PBXNativeTarget "Neon CasinoUITests" */ = {
			isa = XCConfigurationList;
			buildConfigurations = (
				BA662F382A5339D0003377DD /* Debug */,
				BA662F392A5339D0003377DD /* Release */,
			);
			defaultConfigurationIsVisible = 0;
			defaultConfigurationName = Release;
		};
/* End XCConfigurationList section */

/* Begin XCVersionGroup section */
		BA7D766A2A54CD68009CE4E0 /* NeonCasino.xcdatamodeld */ = {
			isa = XCVersionGroup;
			children = (
				BA7D766B2A54CD68009CE4E0 /* Slot_Machine.xcdatamodel */,
			);
			currentVersion = BA7D766B2A54CD68009CE4E0 /* Slot_Machine.xcdatamodel */;
			path = NeonCasino.xcdatamodeld;
			sourceTree = "<group>";
			versionGroupType = wrapper.xcdatamodel;
		};
/* End XCVersionGroup section */
	};
	rootObject = BA662F002A5339CE003377DD /* Project object */;
}
